{
  "version": 3,
  "targets": {
    "net9.0/arch-x64": {
      "mtc/1.0.0": {
        "type": "package",
        "tools": {
          "tools/net9.0/any/DotnetToolSettings.xml": {},
          "tools/net9.0/any/MTC.deps.json": {},
          "tools/net9.0/any/MTC.dll": {},
          "tools/net9.0/any/MTC.pdb": {},
          "tools/net9.0/any/MTC.runtimeconfig.json": {},
          "tools/net9.0/any/Microsoft.Extensions.Configuration.Abstractions.dll": {},
          "tools/net9.0/any/Microsoft.Extensions.Configuration.Binder.dll": {},
          "tools/net9.0/any/Microsoft.Extensions.Configuration.CommandLine.dll": {},
          "tools/net9.0/any/Microsoft.Extensions.Configuration.EnvironmentVariables.dll": {},
          "tools/net9.0/any/Microsoft.Extensions.Configuration.FileExtensions.dll": {},
          "tools/net9.0/any/Microsoft.Extensions.Configuration.Json.dll": {},
          "tools/net9.0/any/Microsoft.Extensions.Configuration.UserSecrets.dll": {},
          "tools/net9.0/any/Microsoft.Extensions.Configuration.dll": {},
          "tools/net9.0/any/Microsoft.Extensions.DependencyInjection.Abstractions.dll": {},
          "tools/net9.0/any/Microsoft.Extensions.DependencyInjection.dll": {},
          "tools/net9.0/any/Microsoft.Extensions.Diagnostics.Abstractions.dll": {},
          "tools/net9.0/any/Microsoft.Extensions.Diagnostics.dll": {},
          "tools/net9.0/any/Microsoft.Extensions.FileProviders.Abstractions.dll": {},
          "tools/net9.0/any/Microsoft.Extensions.FileProviders.Physical.dll": {},
          "tools/net9.0/any/Microsoft.Extensions.FileSystemGlobbing.dll": {},
          "tools/net9.0/any/Microsoft.Extensions.Hosting.Abstractions.dll": {},
          "tools/net9.0/any/Microsoft.Extensions.Hosting.dll": {},
          "tools/net9.0/any/Microsoft.Extensions.Logging.Abstractions.dll": {},
          "tools/net9.0/any/Microsoft.Extensions.Logging.Configuration.dll": {},
          "tools/net9.0/any/Microsoft.Extensions.Logging.Console.dll": {},
          "tools/net9.0/any/Microsoft.Extensions.Logging.Debug.dll": {},
          "tools/net9.0/any/Microsoft.Extensions.Logging.EventLog.dll": {},
          "tools/net9.0/any/Microsoft.Extensions.Logging.EventSource.dll": {},
          "tools/net9.0/any/Microsoft.Extensions.Logging.dll": {},
          "tools/net9.0/any/Microsoft.Extensions.Options.ConfigurationExtensions.dll": {},
          "tools/net9.0/any/Microsoft.Extensions.Options.dll": {},
          "tools/net9.0/any/Microsoft.Extensions.Primitives.dll": {},
          "tools/net9.0/any/Scriban.dll": {},
          "tools/net9.0/any/Spectre.Console.dll": {},
          "tools/net9.0/any/System.CommandLine.dll": {},
          "tools/net9.0/any/System.Diagnostics.DiagnosticSource.dll": {},
          "tools/net9.0/any/System.Diagnostics.EventLog.dll": {},
          "tools/net9.0/any/System.IO.Pipelines.dll": {},
          "tools/net9.0/any/System.Text.Encodings.Web.dll": {},
          "tools/net9.0/any/System.Text.Json.dll": {},
          "tools/net9.0/any/cs/System.CommandLine.resources.dll": {},
          "tools/net9.0/any/de/System.CommandLine.resources.dll": {},
          "tools/net9.0/any/es/System.CommandLine.resources.dll": {},
          "tools/net9.0/any/fr/System.CommandLine.resources.dll": {},
          "tools/net9.0/any/it/System.CommandLine.resources.dll": {},
          "tools/net9.0/any/ja/System.CommandLine.resources.dll": {},
          "tools/net9.0/any/ko/System.CommandLine.resources.dll": {},
          "tools/net9.0/any/pl/System.CommandLine.resources.dll": {},
          "tools/net9.0/any/pt-BR/System.CommandLine.resources.dll": {},
          "tools/net9.0/any/ru/System.CommandLine.resources.dll": {},
          "tools/net9.0/any/runtimes/browser/lib/net8.0/System.Text.Encodings.Web.dll": {},
          "tools/net9.0/any/runtimes/win/lib/net9.0/System.Diagnostics.EventLog.Messages.dll": {},
          "tools/net9.0/any/runtimes/win/lib/net9.0/System.Diagnostics.EventLog.dll": {},
          "tools/net9.0/any/runtimes/win/lib/net9.0/System.Text.Encodings.Web.dll": {},
          "tools/net9.0/any/templates/CleanArch/manifest.json": {},
          "tools/net9.0/any/templates/CleanArch/{{Name}}.API/Controllers/TodoItemsController.cs": {},
          "tools/net9.0/any/templates/CleanArch/{{Name}}.API/Program.cs": {},
          "tools/net9.0/any/templates/CleanArch/{{Name}}.API/appsettings.Development.json": {},
          "tools/net9.0/any/templates/CleanArch/{{Name}}.API/appsettings.json": {},
          "tools/net9.0/any/templates/CleanArch/{{Name}}.API/{{Name}}.API.csproj": {},
          "tools/net9.0/any/templates/CleanArch/{{Name}}.Application/Common/Interfaces/IApplicationDbContext.cs": {},
          "tools/net9.0/any/templates/CleanArch/{{Name}}.Application/DependencyInjection.cs": {},
          "tools/net9.0/any/templates/CleanArch/{{Name}}.Application/{{Name}}.Application.csproj": {},
          "tools/net9.0/any/templates/CleanArch/{{Name}}.Domain/Common/BaseEntity.cs": {},
          "tools/net9.0/any/templates/CleanArch/{{Name}}.Domain/Entities/TodoItem.cs": {},
          "tools/net9.0/any/templates/CleanArch/{{Name}}.Domain/{{Name}}.Domain.csproj": {},
          "tools/net9.0/any/templates/CleanArch/{{Name}}.Infrastructure/DependencyInjection.cs": {},
          "tools/net9.0/any/templates/CleanArch/{{Name}}.Infrastructure/Persistence/ApplicationDbContext.cs": {},
          "tools/net9.0/any/templates/CleanArch/{{Name}}.Infrastructure/{{Name}}.Infrastructure.csproj": {},
          "tools/net9.0/any/templates/CleanArch/{{Name}}.sln": {},
          "tools/net9.0/any/templates/Common/Dto/manifest.json": {},
          "tools/net9.0/any/templates/Common/Dto/{{Name}}.cs": {},
          "tools/net9.0/any/templates/Common/ValueObject/manifest.json": {},
          "tools/net9.0/any/templates/Common/ValueObject/{{Name}}.cs": {},
          "tools/net9.0/any/templates/ConsoleApp/manifest.json": {},
          "tools/net9.0/any/templates/ConsoleApp/{{Name}}.sln": {},
          "tools/net9.0/any/templates/ConsoleApp/{{Name}}/Program.cs": {},
          "tools/net9.0/any/templates/ConsoleApp/{{Name}}/{{Name}}.csproj": {},
          "tools/net9.0/any/templates/Features/CleanArch/API/Controllers/{{Name}}sController.cs": {},
          "tools/net9.0/any/templates/Features/CleanArch/Application/Features/{{Name}}s/Commands/Create{{Name}}/Create{{Name}}Command.cs": {},
          "tools/net9.0/any/templates/Features/CleanArch/Application/Features/{{Name}}s/Queries/Get{{Name}}s/Get{{Name}}sQuery.cs": {},
          "tools/net9.0/any/templates/Features/CleanArch/Domain/Entities/{{Name}}.cs": {},
          "tools/net9.0/any/templates/Features/CleanArch/manifest.json": {},
          "tools/net9.0/any/templates/Features/Mvc/Controllers/{{Name}}Controller.cs": {},
          "tools/net9.0/any/templates/Features/Mvc/Models/{{Name}}.cs": {},
          "tools/net9.0/any/templates/Features/Mvc/Views/{{Name}}/Create.cshtml": {},
          "tools/net9.0/any/templates/Features/Mvc/Views/{{Name}}/Index.cshtml": {},
          "tools/net9.0/any/templates/Features/Mvc/manifest.json": {},
          "tools/net9.0/any/templates/Features/VerticalSlice/manifest.json": {},
          "tools/net9.0/any/templates/Features/VerticalSlice/{{Name}}/Create{{Name}}.cs": {},
          "tools/net9.0/any/templates/Features/VerticalSlice/{{Name}}/Get{{Name}}s.cs": {},
          "tools/net9.0/any/templates/Features/VerticalSlice/{{Name}}/{{Name}}.cs": {},
          "tools/net9.0/any/templates/Features/VerticalSlice/{{Name}}/{{Name}}sController.cs": {},
          "tools/net9.0/any/templates/MvcMonolith/manifest.json": {},
          "tools/net9.0/any/templates/MvcMonolith/{{Name}}.sln": {},
          "tools/net9.0/any/templates/MvcMonolith/{{Name}}/Controllers/HomeController.cs": {},
          "tools/net9.0/any/templates/MvcMonolith/{{Name}}/Models/ErrorViewModel.cs": {},
          "tools/net9.0/any/templates/MvcMonolith/{{Name}}/Program.cs": {},
          "tools/net9.0/any/templates/MvcMonolith/{{Name}}/Views/Home/Index.cshtml": {},
          "tools/net9.0/any/templates/MvcMonolith/{{Name}}/Views/Home/Privacy.cshtml": {},
          "tools/net9.0/any/templates/MvcMonolith/{{Name}}/Views/Shared/_Layout.cshtml": {},
          "tools/net9.0/any/templates/MvcMonolith/{{Name}}/Views/_ViewImports.cshtml": {},
          "tools/net9.0/any/templates/MvcMonolith/{{Name}}/Views/_ViewStart.cshtml": {},
          "tools/net9.0/any/templates/MvcMonolith/{{Name}}/appsettings.Development.json": {},
          "tools/net9.0/any/templates/MvcMonolith/{{Name}}/appsettings.json": {},
          "tools/net9.0/any/templates/MvcMonolith/{{Name}}/wwwroot/css/site.css": {},
          "tools/net9.0/any/templates/MvcMonolith/{{Name}}/wwwroot/js/site.js": {},
          "tools/net9.0/any/templates/MvcMonolith/{{Name}}/{{Name}}.csproj": {},
          "tools/net9.0/any/templates/VerticalSlice/manifest.json": {},
          "tools/net9.0/any/templates/VerticalSlice/{{Name}}.sln": {},
          "tools/net9.0/any/templates/VerticalSlice/{{Name}}/Database/AppDbContext.cs": {},
          "tools/net9.0/any/templates/VerticalSlice/{{Name}}/Features/Todos/CreateTodo.cs": {},
          "tools/net9.0/any/templates/VerticalSlice/{{Name}}/Features/Todos/GetTodos.cs": {},
          "tools/net9.0/any/templates/VerticalSlice/{{Name}}/Features/Todos/Todo.cs": {},
          "tools/net9.0/any/templates/VerticalSlice/{{Name}}/Features/Todos/TodosController.cs": {},
          "tools/net9.0/any/templates/VerticalSlice/{{Name}}/Program.cs": {},
          "tools/net9.0/any/templates/VerticalSlice/{{Name}}/appsettings.Development.json": {},
          "tools/net9.0/any/templates/VerticalSlice/{{Name}}/appsettings.json": {},
          "tools/net9.0/any/templates/VerticalSlice/{{Name}}/{{Name}}.csproj": {},
          "tools/net9.0/any/tr/System.CommandLine.resources.dll": {},
          "tools/net9.0/any/zh-Hans/System.CommandLine.resources.dll": {},
          "tools/net9.0/any/zh-Hant/System.CommandLine.resources.dll": {}
        }
      }
    }
  },
  "libraries": {},
  "projectFileDependencyGroups": {}
}